
Microsoft Visual Studio Solution File, Format Version 12.00
# Visual Studio Version 16
VisualStudioVersion = 16.0.31424.327
MinimumVisualStudioVersion = 10.0.40219.1
Project("{FAE04EC0-301F-11D3-BF4B-00C04F79EFBC}") = "WpfApp1", "WpfApp1\WpfApp1.csproj", "{D46AAE72-8046-4E16-8DC5-C12230FD3AF8}"
EndProject
Global
	GlobalSection(SolutionConfigurationPlatforms) = preSolution
		Debug|Any CPU = Debug|Any CPU
		Release|Any CPU = Release|Any CPU
	EndGlobalSection
	GlobalSection(ProjectConfigurationPlatforms) = postSolution
		{D46AAE72-8046-4E16-8DC5-C12230FD3AF8}.Debug|Any CPU.ActiveCfg = Debug|Any CPU
		{D46AAE72-8046-4E16-8DC5-C12230FD3AF8}.Debug|Any CPU.Build.0 = Debug|Any CPU
		{D46AAE72-8046-4E16-8DC5-C12230FD3AF8}.Release|Any CPU.ActiveCfg = Release|Any CPU
		{D46AAE72-8046-4E16-8DC5-C12230FD3AF8}.Release|Any CPU.Build.0 = Release|Any CPU
	EndGlobalSection
	GlobalSection(SolutionProperties) = preSolution
		HideSolutionNode = FALSE
	EndGlobalSection
	GlobalSection(ExtensibilityGlobals) = postSolution
		SolutionGuid = {65B4506E-1C47-43B1-9FEE-708AF1C485D7}
	EndGlobalSection
EndGlobal
