
Microsoft Visual Studio Solution File, Format Version 12.00
# Visual Studio Version 16
VisualStudioVersion = 16.0.31424.327
MinimumVisualStudioVersion = 10.0.40219.1
Project("{FAE04EC0-301F-11D3-BF4B-00C04F79EFBC}") = "WpfApp1", "WpfApp1\WpfApp1.csproj", "{96DDFD9D-3698-4CD8-B7DE-1ECB34F80F70}"
EndProject
Global
	GlobalSection(SolutionConfigurationPlatforms) = preSolution
		Debug|Any CPU = Debug|Any CPU
		Release|Any CPU = Release|Any CPU
	EndGlobalSection
	GlobalSection(ProjectConfigurationPlatforms) = postSolution
		{96DDFD9D-3698-4CD8-B7DE-1ECB34F80F70}.Debug|Any CPU.ActiveCfg = Debug|Any CPU
		{96DDFD9D-3698-4CD8-B7DE-1ECB34F80F70}.Debug|Any CPU.Build.0 = Debug|Any CPU
		{96DDFD9D-3698-4CD8-B7DE-1ECB34F80F70}.Release|Any CPU.ActiveCfg = Release|Any CPU
		{96DDFD9D-3698-4CD8-B7DE-1ECB34F80F70}.Release|Any CPU.Build.0 = Release|Any CPU
	EndGlobalSection
	GlobalSection(SolutionProperties) = preSolution
		HideSolutionNode = FALSE
	EndGlobalSection
	GlobalSection(ExtensibilityGlobals) = postSolution
		SolutionGuid = {A1E28CE9-67EE-472B-8AC3-7AD6890AB67D}
	EndGlobalSection
EndGlobal
