
Microsoft Visual Studio Solution File, Format Version 12.00
# Visual Studio Version 16
VisualStudioVersion = 16.0.31624.102
MinimumVisualStudioVersion = 10.0.40219.1
Project("{FAE04EC0-301F-11D3-BF4B-00C04F79EFBC}") = "WpfApp1", "WpfApp1\WpfApp1.csproj", "{282398F4-C8B5-431A-95ED-2DE69536A735}"
EndProject
Global
	GlobalSection(SolutionConfigurationPlatforms) = preSolution
		Debug|Any CPU = Debug|Any CPU
		Release|Any CPU = Release|Any CPU
	EndGlobalSection
	GlobalSection(ProjectConfigurationPlatforms) = postSolution
		{282398F4-C8B5-431A-95ED-2DE69536A735}.Debug|Any CPU.ActiveCfg = Debug|Any CPU
		{282398F4-C8B5-431A-95ED-2DE69536A735}.Debug|Any CPU.Build.0 = Debug|Any CPU
		{282398F4-C8B5-431A-95ED-2DE69536A735}.Release|Any CPU.ActiveCfg = Release|Any CPU
		{282398F4-C8B5-431A-95ED-2DE69536A735}.Release|Any CPU.Build.0 = Release|Any CPU
	EndGlobalSection
	GlobalSection(SolutionProperties) = preSolution
		HideSolutionNode = FALSE
	EndGlobalSection
	GlobalSection(ExtensibilityGlobals) = postSolution
		SolutionGuid = {DEE34D9B-CBE5-4BC8-BDFB-1C09FEF4EDCF}
	EndGlobalSection
EndGlobal
