
Microsoft Visual Studio Solution File, Format Version 12.00
# Visual Studio Version 16
VisualStudioVersion = 16.0.31624.102
MinimumVisualStudioVersion = 10.0.40219.1
Project("{FAE04EC0-301F-11D3-BF4B-00C04F79EFBC}") = "WpfApp1", "WpfApp1\WpfApp1.csproj", "{FB8D58FD-F2B4-4106-94C3-D255C2B5A5F7}"
EndProject
Global
	GlobalSection(SolutionConfigurationPlatforms) = preSolution
		Debug|Any CPU = Debug|Any CPU
		Release|Any CPU = Release|Any CPU
	EndGlobalSection
	GlobalSection(ProjectConfigurationPlatforms) = postSolution
		{FB8D58FD-F2B4-4106-94C3-D255C2B5A5F7}.Debug|Any CPU.ActiveCfg = Debug|Any CPU
		{FB8D58FD-F2B4-4106-94C3-D255C2B5A5F7}.Debug|Any CPU.Build.0 = Debug|Any CPU
		{FB8D58FD-F2B4-4106-94C3-D255C2B5A5F7}.Release|Any CPU.ActiveCfg = Release|Any CPU
		{FB8D58FD-F2B4-4106-94C3-D255C2B5A5F7}.Release|Any CPU.Build.0 = Release|Any CPU
	EndGlobalSection
	GlobalSection(SolutionProperties) = preSolution
		HideSolutionNode = FALSE
	EndGlobalSection
	GlobalSection(ExtensibilityGlobals) = postSolution
		SolutionGuid = {B6D05575-DD57-4F14-88CF-2A3B946B7C25}
	EndGlobalSection
EndGlobal
